// !$*UTF8*$!
{
	archiveVersion = 1;
	classes = {
	};
	objectVersion = 46;
	objects = {

/* Begin PBXAggregateTarget section */
		"NeumorphismUI::NeumorphismUIPackageTests::ProductTarget" /* NeumorphismUIPackageTests */ = {
			isa = PBXAggregateTarget;
			buildConfigurationList = OBJ_42 /* Build configuration list for PBXAggregateTarget "NeumorphismUIPackageTests" */;
			buildPhases = (
			);
			dependencies = (
				OBJ_45 /* PBXTargetDependency */,
			);
			name = NeumorphismUIPackageTests;
			productName = NeumorphismUIPackageTests;
		};
/* End PBXAggregateTarget section */

/* Begin PBXBuildFile section */
		AA5875A325263BD40015AF11 /* NeumorphismContent.swift in Sources */ = {isa = PBXBuildFile; fileRef = AA5875A225263BD40015AF11 /* NeumorphismContent.swift */; };
		DA14F56F2458DEFF008BCD97 /* NeumorphismConcaveModifier.swift in Sources */ = {isa = PBXBuildFile; fileRef = DA14F56E2458DEFF008BCD97 /* NeumorphismConcaveModifier.swift */; };
		DA5AFAC9241691210098E0BB /* NeumorphismButton.swift in Sources */ = {isa = PBXBuildFile; fileRef = DA5AFAC8241691210098E0BB /* NeumorphismButton.swift */; };
		DA5AFACD2418332A0098E0BB /* ShapeType.swift in Sources */ = {isa = PBXBuildFile; fileRef = DA5AFACC2418332A0098E0BB /* ShapeType.swift */; };
		DA5AFACF241833430098E0BB /* AnyShape.swift in Sources */ = {isa = PBXBuildFile; fileRef = DA5AFACE241833430098E0BB /* AnyShape.swift */; };
		DA6FEED12430B26C00C1B554 /* NeumorphismSlider.swift in Sources */ = {isa = PBXBuildFile; fileRef = DA6FEED02430B26C00C1B554 /* NeumorphismSlider.swift */; };
		DA90AF652412D01900E759A9 /* NeumorphismManagerTests.swift in Sources */ = {isa = PBXBuildFile; fileRef = DA90AF642412D01900E759A9 /* NeumorphismManagerTests.swift */; };
		DA90AF682412D0EE00E759A9 /* NeumorphismManagerMock.swift in Sources */ = {isa = PBXBuildFile; fileRef = DA90AF672412D0EE00E759A9 /* NeumorphismManagerMock.swift */; };
		DA954C782411D9740052B8FF /* NeumorphismManager.swift in Sources */ = {isa = PBXBuildFile; fileRef = DA954C772411D9740052B8FF /* NeumorphismManager.swift */; };
		DA98731B240BDE7D0083EB5E /* HighlightableButton.swift in Sources */ = {isa = PBXBuildFile; fileRef = DA98731A240BDE7D0083EB5E /* HighlightableButton.swift */; };
		DAD95493241B4E0200D3F56E /* NeumorphismLabelButton.swift in Sources */ = {isa = PBXBuildFile; fileRef = DAD95492241B4E0200D3F56E /* NeumorphismLabelButton.swift */; };
		DAD95495241B740E00D3F56E /* NeumorphismDentView.swift in Sources */ = {isa = PBXBuildFile; fileRef = DAD95494241B740E00D3F56E /* NeumorphismDentView.swift */; };
		DAD95497241B855F00D3F56E /* UIColorExtensioin.swift in Sources */ = {isa = PBXBuildFile; fileRef = DAD95496241B855F00D3F56E /* UIColorExtensioin.swift */; };
		DAD95499241BBD7500D3F56E /* NeumorphismCircleDentView.swift in Sources */ = {isa = PBXBuildFile; fileRef = DAD95498241BBD7500D3F56E /* NeumorphismCircleDentView.swift */; };
		DAD9549B241BCFBE00D3F56E /* NeumorphismBindingButton.swift in Sources */ = {isa = PBXBuildFile; fileRef = DAD9549A241BCFBE00D3F56E /* NeumorphismBindingButton.swift */; };
		OBJ_30 /* ColorTransformer.swift in Sources */ = {isa = PBXBuildFile; fileRef = OBJ_9 /* ColorTransformer.swift */; };
		OBJ_31 /* ColorExtension.swift in Sources */ = {isa = PBXBuildFile; fileRef = OBJ_11 /* ColorExtension.swift */; };
		OBJ_32 /* ViewExtension.swift in Sources */ = {isa = PBXBuildFile; fileRef = OBJ_12 /* ViewExtension.swift */; };
		OBJ_33 /* NeumorphismShadowModifier.swift in Sources */ = {isa = PBXBuildFile; fileRef = OBJ_13 /* NeumorphismShadowModifier.swift */; };
		OBJ_40 /* Package.swift in Sources */ = {isa = PBXBuildFile; fileRef = OBJ_6 /* Package.swift */; };
		OBJ_51 /* ColorExtensionsTests.swift in Sources */ = {isa = PBXBuildFile; fileRef = OBJ_16 /* ColorExtensionsTests.swift */; };
		OBJ_55 /* NeumorphismUI.framework in Frameworks */ = {isa = PBXBuildFile; fileRef = "NeumorphismUI::NeumorphismUI::Product" /* NeumorphismUI.framework */; };
/* End PBXBuildFile section */

/* Begin PBXContainerItemProxy section */
		DA1A6B5E240B76BB001EA5EB /* PBXContainerItemProxy */ = {
			isa = PBXContainerItemProxy;
			containerPortal = OBJ_1 /* Project object */;
			proxyType = 1;
			remoteGlobalIDString = "NeumorphismUI::NeumorphismUI";
			remoteInfo = NeumorphismUI;
		};
		DA987318240B910B0083EB5E /* PBXContainerItemProxy */ = {
			isa = PBXContainerItemProxy;
			containerPortal = OBJ_1 /* Project object */;
			proxyType = 1;
			remoteGlobalIDString = "NeumorphismUI::NeumorphismUITests";
			remoteInfo = NeumorphismUITests;
		};
/* End PBXContainerItemProxy section */

/* Begin PBXFileReference section */
		AA5875A225263BD40015AF11 /* NeumorphismContent.swift */ = {isa = PBXFileReference; fileEncoding = 4; lastKnownFileType = sourcecode.swift; path = NeumorphismContent.swift; sourceTree = "<group>"; };
		DA14F56E2458DEFF008BCD97 /* NeumorphismConcaveModifier.swift */ = {isa = PBXFileReference; lastKnownFileType = sourcecode.swift; path = NeumorphismConcaveModifier.swift; sourceTree = "<group>"; };
		DA1A6B5F240B76D9001EA5EB /* .gitignore */ = {isa = PBXFileReference; lastKnownFileType = text; path = .gitignore; sourceTree = "<group>"; };
		DA5AFAC8241691210098E0BB /* NeumorphismButton.swift */ = {isa = PBXFileReference; lastKnownFileType = sourcecode.swift; path = NeumorphismButton.swift; sourceTree = "<group>"; };
		DA5AFACC2418332A0098E0BB /* ShapeType.swift */ = {isa = PBXFileReference; lastKnownFileType = sourcecode.swift; path = ShapeType.swift; sourceTree = "<group>"; };
		DA5AFACE241833430098E0BB /* AnyShape.swift */ = {isa = PBXFileReference; lastKnownFileType = sourcecode.swift; path = AnyShape.swift; sourceTree = "<group>"; };
		DA6FEED02430B26C00C1B554 /* NeumorphismSlider.swift */ = {isa = PBXFileReference; lastKnownFileType = sourcecode.swift; path = NeumorphismSlider.swift; sourceTree = "<group>"; };
		DA90AF642412D01900E759A9 /* NeumorphismManagerTests.swift */ = {isa = PBXFileReference; lastKnownFileType = sourcecode.swift; path = NeumorphismManagerTests.swift; sourceTree = "<group>"; };
		DA90AF672412D0EE00E759A9 /* NeumorphismManagerMock.swift */ = {isa = PBXFileReference; lastKnownFileType = sourcecode.swift; path = NeumorphismManagerMock.swift; sourceTree = "<group>"; };
		DA954C772411D9740052B8FF /* NeumorphismManager.swift */ = {isa = PBXFileReference; lastKnownFileType = sourcecode.swift; path = NeumorphismManager.swift; sourceTree = "<group>"; };
		DA98731A240BDE7D0083EB5E /* HighlightableButton.swift */ = {isa = PBXFileReference; lastKnownFileType = sourcecode.swift; path = HighlightableButton.swift; sourceTree = "<group>"; };
		DAD95492241B4E0200D3F56E /* NeumorphismLabelButton.swift */ = {isa = PBXFileReference; lastKnownFileType = sourcecode.swift; path = NeumorphismLabelButton.swift; sourceTree = "<group>"; };
		DAD95494241B740E00D3F56E /* NeumorphismDentView.swift */ = {isa = PBXFileReference; lastKnownFileType = sourcecode.swift; path = NeumorphismDentView.swift; sourceTree = "<group>"; };
		DAD95496241B855F00D3F56E /* UIColorExtensioin.swift */ = {isa = PBXFileReference; lastKnownFileType = sourcecode.swift; path = UIColorExtensioin.swift; sourceTree = "<group>"; };
		DAD95498241BBD7500D3F56E /* NeumorphismCircleDentView.swift */ = {isa = PBXFileReference; lastKnownFileType = sourcecode.swift; path = NeumorphismCircleDentView.swift; sourceTree = "<group>"; };
		DAD9549A241BCFBE00D3F56E /* NeumorphismBindingButton.swift */ = {isa = PBXFileReference; lastKnownFileType = sourcecode.swift; path = NeumorphismBindingButton.swift; sourceTree = "<group>"; };
		"NeumorphismUI::NeumorphismUI::Product" /* NeumorphismUI.framework */ = {isa = PBXFileReference; explicitFileType = wrapper.framework; path = NeumorphismUI.framework; sourceTree = BUILT_PRODUCTS_DIR; };
		"NeumorphismUI::NeumorphismUITests::Product" /* NeumorphismUITests.xctest */ = {isa = PBXFileReference; explicitFileType = wrapper.cfbundle; path = NeumorphismUITests.xctest; sourceTree = BUILT_PRODUCTS_DIR; };
		OBJ_11 /* ColorExtension.swift */ = {isa = PBXFileReference; lastKnownFileType = sourcecode.swift; path = ColorExtension.swift; sourceTree = "<group>"; };
		OBJ_12 /* ViewExtension.swift */ = {isa = PBXFileReference; lastKnownFileType = sourcecode.swift; path = ViewExtension.swift; sourceTree = "<group>"; };
		OBJ_13 /* NeumorphismShadowModifier.swift */ = {isa = PBXFileReference; lastKnownFileType = sourcecode.swift; path = NeumorphismShadowModifier.swift; sourceTree = "<group>"; };
		OBJ_16 /* ColorExtensionsTests.swift */ = {isa = PBXFileReference; lastKnownFileType = sourcecode.swift; path = ColorExtensionsTests.swift; sourceTree = "<group>"; };
		OBJ_22 /* LICENSE */ = {isa = PBXFileReference; lastKnownFileType = text; path = LICENSE; sourceTree = "<group>"; };
		OBJ_23 /* README.md */ = {isa = PBXFileReference; lastKnownFileType = net.daringfireball.markdown; path = README.md; sourceTree = "<group>"; };
		OBJ_6 /* Package.swift */ = {isa = PBXFileReference; explicitFileType = sourcecode.swift; path = Package.swift; sourceTree = "<group>"; };
		OBJ_9 /* ColorTransformer.swift */ = {isa = PBXFileReference; lastKnownFileType = sourcecode.swift; path = ColorTransformer.swift; sourceTree = "<group>"; };
/* End PBXFileReference section */

/* Begin PBXFrameworksBuildPhase section */
		OBJ_34 /* Frameworks */ = {
			isa = PBXFrameworksBuildPhase;
			buildActionMask = 0;
			files = (
			);
			runOnlyForDeploymentPostprocessing = 0;
		};
		OBJ_54 /* Frameworks */ = {
			isa = PBXFrameworksBuildPhase;
			buildActionMask = 0;
			files = (
				OBJ_55 /* NeumorphismUI.framework in Frameworks */,
			);
			runOnlyForDeploymentPostprocessing = 0;
		};
/* End PBXFrameworksBuildPhase section */

/* Begin PBXGroup section */
		DA5AFAD0241834A70098E0BB /* Modifier */ = {
			isa = PBXGroup;
			children = (
				OBJ_13 /* NeumorphismShadowModifier.swift */,
				DA14F56E2458DEFF008BCD97 /* NeumorphismConcaveModifier.swift */,
			);
			path = Modifier;
			sourceTree = "<group>";
		};
		DA5AFAD1241834D20098E0BB /* Utils */ = {
			isa = PBXGroup;
			children = (
				OBJ_9 /* ColorTransformer.swift */,
			);
			path = Utils;
			sourceTree = "<group>";
		};
		DA90AF662412D0C100E759A9 /* Mock */ = {
			isa = PBXGroup;
			children = (
				DA90AF672412D0EE00E759A9 /* NeumorphismManagerMock.swift */,
			);
			path = Mock;
			sourceTree = "<group>";
		};
		DA987319240BDE580083EB5E /* CustomViews */ = {
			isa = PBXGroup;
			children = (
				DA98731A240BDE7D0083EB5E /* HighlightableButton.swift */,
				DAD95494241B740E00D3F56E /* NeumorphismDentView.swift */,
				DAD95498241BBD7500D3F56E /* NeumorphismCircleDentView.swift */,
				DA5AFAC8241691210098E0BB /* NeumorphismButton.swift */,
				DAD9549A241BCFBE00D3F56E /* NeumorphismBindingButton.swift */,
				DAD95492241B4E0200D3F56E /* NeumorphismLabelButton.swift */,
				DA6FEED02430B26C00C1B554 /* NeumorphismSlider.swift */,
			);
			path = CustomViews;
			sourceTree = "<group>";
		};
		OBJ_10 /* Extensions */ = {
			isa = PBXGroup;
			children = (
				OBJ_11 /* ColorExtension.swift */,
				DAD95496241B855F00D3F56E /* UIColorExtensioin.swift */,
				OBJ_12 /* ViewExtension.swift */,
			);
			path = Extensions;
			sourceTree = "<group>";
		};
		OBJ_14 /* Tests */ = {
			isa = PBXGroup;
			children = (
				DA90AF662412D0C100E759A9 /* Mock */,
				OBJ_15 /* NeumorphismUITests */,
			);
			path = Tests;
			sourceTree = SOURCE_ROOT;
		};
		OBJ_15 /* NeumorphismUITests */ = {
			isa = PBXGroup;
			children = (
				OBJ_16 /* ColorExtensionsTests.swift */,
				DA90AF642412D01900E759A9 /* NeumorphismManagerTests.swift */,
			);
			path = NeumorphismUITests;
			sourceTree = "<group>";
		};
		OBJ_19 /* Products */ = {
			isa = PBXGroup;
			children = (
				"NeumorphismUI::NeumorphismUITests::Product" /* NeumorphismUITests.xctest */,
				"NeumorphismUI::NeumorphismUI::Product" /* NeumorphismUI.framework */,
			);
			name = Products;
			sourceTree = BUILT_PRODUCTS_DIR;
		};
		OBJ_5 = {
			isa = PBXGroup;
			children = (
				OBJ_6 /* Package.swift */,
				OBJ_7 /* Sources */,
				OBJ_14 /* Tests */,
				OBJ_19 /* Products */,
				OBJ_22 /* LICENSE */,
				OBJ_23 /* README.md */,
				DA1A6B5F240B76D9001EA5EB /* .gitignore */,
			);
			sourceTree = "<group>";
		};
		OBJ_7 /* Sources */ = {
			isa = PBXGroup;
			children = (
				DA954C772411D9740052B8FF /* NeumorphismManager.swift */,
				DA5AFACE241833430098E0BB /* AnyShape.swift */,
				DA5AFACC2418332A0098E0BB /* ShapeType.swift */,
				AA5875A225263BD40015AF11 /* NeumorphismContent.swift */,
				DA987319240BDE580083EB5E /* CustomViews */,
				OBJ_10 /* Extensions */,
				DA5AFAD0241834A70098E0BB /* Modifier */,
				DA5AFAD1241834D20098E0BB /* Utils */,
			);
			path = Sources;
			sourceTree = SOURCE_ROOT;
		};
/* End PBXGroup section */

/* Begin PBXNativeTarget section */
		"NeumorphismUI::NeumorphismUI" /* NeumorphismUI */ = {
			isa = PBXNativeTarget;
			buildConfigurationList = OBJ_25 /* Build configuration list for PBXNativeTarget "NeumorphismUI" */;
			buildPhases = (
				OBJ_28 /* Sources */,
				OBJ_34 /* Frameworks */,
			);
			buildRules = (
			);
			dependencies = (
			);
			name = NeumorphismUI;
			productName = NeumorphismUI;
			productReference = "NeumorphismUI::NeumorphismUI::Product" /* NeumorphismUI.framework */;
			productType = "com.apple.product-type.framework";
		};
		"NeumorphismUI::NeumorphismUITests" /* NeumorphismUITests */ = {
			isa = PBXNativeTarget;
			buildConfigurationList = OBJ_47 /* Build configuration list for PBXNativeTarget "NeumorphismUITests" */;
			buildPhases = (
				OBJ_50 /* Sources */,
				OBJ_54 /* Frameworks */,
			);
			buildRules = (
			);
			dependencies = (
				OBJ_56 /* PBXTargetDependency */,
			);
			name = NeumorphismUITests;
			productName = NeumorphismUITests;
			productReference = "NeumorphismUI::NeumorphismUITests::Product" /* NeumorphismUITests.xctest */;
			productType = "com.apple.product-type.bundle.unit-test";
		};
		"NeumorphismUI::SwiftPMPackageDescription" /* NeumorphismUIPackageDescription */ = {
			isa = PBXNativeTarget;
			buildConfigurationList = OBJ_36 /* Build configuration list for PBXNativeTarget "NeumorphismUIPackageDescription" */;
			buildPhases = (
				OBJ_39 /* Sources */,
			);
			buildRules = (
			);
			dependencies = (
			);
			name = NeumorphismUIPackageDescription;
			productName = NeumorphismUIPackageDescription;
			productType = "com.apple.product-type.framework";
		};
/* End PBXNativeTarget section */

/* Begin PBXProject section */
		OBJ_1 /* Project object */ = {
			isa = PBXProject;
			attributes = {
				LastSwiftMigration = 9999;
				LastUpgradeCheck = 9999;
			};
			buildConfigurationList = OBJ_2 /* Build configuration list for PBXProject "NeumorphismUI" */;
			compatibilityVersion = "Xcode 3.2";
			developmentRegion = en;
			hasScannedForEncodings = 0;
			knownRegions = (
				en,
			);
			mainGroup = OBJ_5;
			productRefGroup = OBJ_19 /* Products */;
			projectDirPath = "";
			projectRoot = "";
			targets = (
				"NeumorphismUI::NeumorphismUI" /* NeumorphismUI */,
				"NeumorphismUI::SwiftPMPackageDescription" /* NeumorphismUIPackageDescription */,
				"NeumorphismUI::NeumorphismUIPackageTests::ProductTarget" /* NeumorphismUIPackageTests */,
				"NeumorphismUI::NeumorphismUITests" /* NeumorphismUITests */,
			);
		};
/* End PBXProject section */

/* Begin PBXSourcesBuildPhase section */
		OBJ_28 /* Sources */ = {
			isa = PBXSourcesBuildPhase;
			buildActionMask = 0;
			files = (
				DAD95493241B4E0200D3F56E /* NeumorphismLabelButton.swift in Sources */,
				DA14F56F2458DEFF008BCD97 /* NeumorphismConcaveModifier.swift in Sources */,
				OBJ_30 /* ColorTransformer.swift in Sources */,
				OBJ_31 /* ColorExtension.swift in Sources */,
				DA98731B240BDE7D0083EB5E /* HighlightableButton.swift in Sources */,
				DA90AF682412D0EE00E759A9 /* NeumorphismManagerMock.swift in Sources */,
				DA954C782411D9740052B8FF /* NeumorphismManager.swift in Sources */,
				DA5AFAC9241691210098E0BB /* NeumorphismButton.swift in Sources */,
				DAD9549B241BCFBE00D3F56E /* NeumorphismBindingButton.swift in Sources */,
				AA5875A325263BD40015AF11 /* NeumorphismContent.swift in Sources */,
				DA5AFACD2418332A0098E0BB /* ShapeType.swift in Sources */,
				OBJ_32 /* ViewExtension.swift in Sources */,
				DAD95499241BBD7500D3F56E /* NeumorphismCircleDentView.swift in Sources */,
				OBJ_33 /* NeumorphismShadowModifier.swift in Sources */,
				DA6FEED12430B26C00C1B554 /* NeumorphismSlider.swift in Sources */,
				DA5AFACF241833430098E0BB /* AnyShape.swift in Sources */,
				DAD95495241B740E00D3F56E /* NeumorphismDentView.swift in Sources */,
				DAD95497241B855F00D3F56E /* UIColorExtensioin.swift in Sources */,
			);
			runOnlyForDeploymentPostprocessing = 0;
		};
		OBJ_39 /* Sources */ = {
			isa = PBXSourcesBuildPhase;
			buildActionMask = 0;
			files = (
				OBJ_40 /* Package.swift in Sources */,
			);
			runOnlyForDeploymentPostprocessing = 0;
		};
		OBJ_50 /* Sources */ = {
			isa = PBXSourcesBuildPhase;
			buildActionMask = 0;
			files = (
				OBJ_51 /* ColorExtensionsTests.swift in Sources */,
				DA90AF652412D01900E759A9 /* NeumorphismManagerTests.swift in Sources */,
			);
			runOnlyForDeploymentPostprocessing = 0;
		};
/* End PBXSourcesBuildPhase section */

/* Begin PBXTargetDependency section */
		OBJ_45 /* PBXTargetDependency */ = {
			isa = PBXTargetDependency;
			target = "NeumorphismUI::NeumorphismUITests" /* NeumorphismUITests */;
			targetProxy = DA987318240B910B0083EB5E /* PBXContainerItemProxy */;
		};
		OBJ_56 /* PBXTargetDependency */ = {
			isa = PBXTargetDependency;
			target = "NeumorphismUI::NeumorphismUI" /* NeumorphismUI */;
			targetProxy = DA1A6B5E240B76BB001EA5EB /* PBXContainerItemProxy */;
		};
/* End PBXTargetDependency section */

/* Begin XCBuildConfiguration section */
		OBJ_26 /* Debug */ = {
			isa = XCBuildConfiguration;
			buildSettings = {
				ENABLE_TESTABILITY = YES;
				FRAMEWORK_SEARCH_PATHS = (
					"$(inherited)",
					"$(PLATFORM_DIR)/Developer/Library/Frameworks",
				);
				HEADER_SEARCH_PATHS = "$(inherited)";
				INFOPLIST_FILE = NeumorphismUI.xcodeproj/NeumorphismUI_Info.plist;
				IPHONEOS_DEPLOYMENT_TARGET = 13.0;
				LD_RUNPATH_SEARCH_PATHS = "$(inherited) $(TOOLCHAIN_DIR)/usr/lib/swift/macosx";
				MACOSX_DEPLOYMENT_TARGET = 10.10;
				OTHER_CFLAGS = "$(inherited)";
				OTHER_LDFLAGS = "$(inherited)";
				OTHER_SWIFT_FLAGS = "$(inherited)";
				PRODUCT_BUNDLE_IDENTIFIER = NeumorphismUI;
				PRODUCT_MODULE_NAME = "$(TARGET_NAME:c99extidentifier)";
				PRODUCT_NAME = "$(TARGET_NAME:c99extidentifier)";
				SKIP_INSTALL = YES;
				SWIFT_ACTIVE_COMPILATION_CONDITIONS = "$(inherited)";
				SWIFT_VERSION = 5.0;
				TARGET_NAME = NeumorphismUI;
				TVOS_DEPLOYMENT_TARGET = 9.0;
				WATCHOS_DEPLOYMENT_TARGET = 2.0;
			};
			name = Debug;
		};
		OBJ_27 /* Release */ = {
			isa = XCBuildConfiguration;
			buildSettings = {
				ENABLE_TESTABILITY = YES;
				FRAMEWORK_SEARCH_PATHS = (
					"$(inherited)",
					"$(PLATFORM_DIR)/Developer/Library/Frameworks",
				);
				HEADER_SEARCH_PATHS = "$(inherited)";
				INFOPLIST_FILE = NeumorphismUI.xcodeproj/NeumorphismUI_Info.plist;
				IPHONEOS_DEPLOYMENT_TARGET = 13.0;
				LD_RUNPATH_SEARCH_PATHS = "$(inherited) $(TOOLCHAIN_DIR)/usr/lib/swift/macosx";
				MACOSX_DEPLOYMENT_TARGET = 10.10;
				OTHER_CFLAGS = "$(inherited)";
				OTHER_LDFLAGS = "$(inherited)";
				OTHER_SWIFT_FLAGS = "$(inherited)";
				PRODUCT_BUNDLE_IDENTIFIER = NeumorphismUI;
				PRODUCT_MODULE_NAME = "$(TARGET_NAME:c99extidentifier)";
				PRODUCT_NAME = "$(TARGET_NAME:c99extidentifier)";
				SKIP_INSTALL = YES;
				SWIFT_ACTIVE_COMPILATION_CONDITIONS = "$(inherited)";
				SWIFT_VERSION = 5.0;
				TARGET_NAME = NeumorphismUI;
				TVOS_DEPLOYMENT_TARGET = 9.0;
				WATCHOS_DEPLOYMENT_TARGET = 2.0;
			};
			name = Release;
		};
		OBJ_3 /* Debug */ = {
			isa = XCBuildConfiguration;
			buildSettings = {
				CLANG_ENABLE_OBJC_ARC = YES;
				COMBINE_HIDPI_IMAGES = YES;
				COPY_PHASE_STRIP = NO;
				DEBUG_INFORMATION_FORMAT = dwarf;
				DYLIB_INSTALL_NAME_BASE = "@rpath";
				ENABLE_NS_ASSERTIONS = YES;
				GCC_OPTIMIZATION_LEVEL = 0;
				GCC_PREPROCESSOR_DEFINITIONS = (
					"$(inherited)",
					"SWIFT_PACKAGE=1",
					"DEBUG=1",
				);
				IPHONEOS_DEPLOYMENT_TARGET = 13.0;
				MACOSX_DEPLOYMENT_TARGET = 10.10;
				ONLY_ACTIVE_ARCH = YES;
				OTHER_SWIFT_FLAGS = "$(inherited) -DXcode";
				PRODUCT_NAME = "$(TARGET_NAME)";
				SDKROOT = iphoneos;
				SUPPORTED_PLATFORMS = "iphonesimulator iphoneos";
				SWIFT_ACTIVE_COMPILATION_CONDITIONS = "$(inherited) SWIFT_PACKAGE DEBUG";
				SWIFT_OPTIMIZATION_LEVEL = "-Onone";
				USE_HEADERMAP = NO;
			};
			name = Debug;
		};
		OBJ_37 /* Debug */ = {
			isa = XCBuildConfiguration;
			buildSettings = {
				LD = /usr/bin/true;
				OTHER_SWIFT_FLAGS = "-swift-version 5 -I $(TOOLCHAIN_DIR)/usr/lib/swift/pm/4_2 -target x86_64-apple-macosx10.10 -sdk /Applications/Xcode.app/Contents/Developer/Platforms/MacOSX.platform/Developer/SDKs/MacOSX10.15.sdk -package-description-version 5.1";
				SWIFT_VERSION = 5.0;
			};
			name = Debug;
		};
		OBJ_38 /* Release */ = {
			isa = XCBuildConfiguration;
			buildSettings = {
				LD = /usr/bin/true;
				OTHER_SWIFT_FLAGS = "-swift-version 5 -I $(TOOLCHAIN_DIR)/usr/lib/swift/pm/4_2 -target x86_64-apple-macosx10.10 -sdk /Applications/Xcode.app/Contents/Developer/Platforms/MacOSX.platform/Developer/SDKs/MacOSX10.15.sdk -package-description-version 5.1";
				SWIFT_VERSION = 5.0;
			};
			name = Release;
		};
		OBJ_4 /* Release */ = {
			isa = XCBuildConfiguration;
			buildSettings = {
				CLANG_ENABLE_OBJC_ARC = YES;
				COMBINE_HIDPI_IMAGES = YES;
				COPY_PHASE_STRIP = YES;
				DEBUG_INFORMATION_FORMAT = "dwarf-with-dsym";
				DYLIB_INSTALL_NAME_BASE = "@rpath";
				GCC_OPTIMIZATION_LEVEL = s;
				GCC_PREPROCESSOR_DEFINITIONS = (
					"$(inherited)",
					"SWIFT_PACKAGE=1",
				);
				IPHONEOS_DEPLOYMENT_TARGET = 13.0;
				MACOSX_DEPLOYMENT_TARGET = 10.10;
				OTHER_SWIFT_FLAGS = "$(inherited) -DXcode";
				PRODUCT_NAME = "$(TARGET_NAME)";
				SDKROOT = iphoneos;
				SUPPORTED_PLATFORMS = "iphonesimulator iphoneos";
				SWIFT_ACTIVE_COMPILATION_CONDITIONS = "$(inherited) SWIFT_PACKAGE";
				SWIFT_OPTIMIZATION_LEVEL = "-Owholemodule";
				USE_HEADERMAP = NO;
			};
			name = Release;
		};
		OBJ_43 /* Debug */ = {
			isa = XCBuildConfiguration;
			buildSettings = {
			};
			name = Debug;
		};
		OBJ_44 /* Release */ = {
			isa = XCBuildConfiguration;
			buildSettings = {
			};
			name = Release;
		};
		OBJ_48 /* Debug */ = {
			isa = XCBuildConfiguration;
			buildSettings = {
				CLANG_ENABLE_MODULES = YES;
				EMBEDDED_CONTENT_CONTAINS_SWIFT = YES;
				FRAMEWORK_SEARCH_PATHS = (
					"$(inherited)",
					"$(PLATFORM_DIR)/Developer/Library/Frameworks",
				);
				HEADER_SEARCH_PATHS = "$(inherited)";
				INFOPLIST_FILE = NeumorphismUI.xcodeproj/NeumorphismUITests_Info.plist;
				IPHONEOS_DEPLOYMENT_TARGET = 13.0;
				LD_RUNPATH_SEARCH_PATHS = "$(inherited) @loader_path/../Frameworks @loader_path/Frameworks";
				MACOSX_DEPLOYMENT_TARGET = 10.10;
				OTHER_CFLAGS = "$(inherited)";
				OTHER_LDFLAGS = "$(inherited)";
				OTHER_SWIFT_FLAGS = "$(inherited)";
				SWIFT_ACTIVE_COMPILATION_CONDITIONS = "$(inherited)";
				SWIFT_VERSION = 5.0;
				TARGET_NAME = NeumorphismUITests;
				TVOS_DEPLOYMENT_TARGET = 9.0;
				WATCHOS_DEPLOYMENT_TARGET = 2.0;
			};
			name = Debug;
		};
		OBJ_49 /* Release */ = {
			isa = XCBuildConfiguration;
			buildSettings = {
				CLANG_ENABLE_MODULES = YES;
				EMBEDDED_CONTENT_CONTAINS_SWIFT = YES;
				FRAMEWORK_SEARCH_PATHS = (
					"$(inherited)",
					"$(PLATFORM_DIR)/Developer/Library/Frameworks",
				);
				HEADER_SEARCH_PATHS = "$(inherited)";
				INFOPLIST_FILE = NeumorphismUI.xcodeproj/NeumorphismUITests_Info.plist;
				IPHONEOS_DEPLOYMENT_TARGET = 13.0;
				LD_RUNPATH_SEARCH_PATHS = "$(inherited) @loader_path/../Frameworks @loader_path/Frameworks";
				MACOSX_DEPLOYMENT_TARGET = 10.10;
				OTHER_CFLAGS = "$(inherited)";
				OTHER_LDFLAGS = "$(inherited)";
				OTHER_SWIFT_FLAGS = "$(inherited)";
				SWIFT_ACTIVE_COMPILATION_CONDITIONS = "$(inherited)";
				SWIFT_VERSION = 5.0;
				TARGET_NAME = NeumorphismUITests;
				TVOS_DEPLOYMENT_TARGET = 9.0;
				WATCHOS_DEPLOYMENT_TARGET = 2.0;
			};
			name = Release;
		};
/* End XCBuildConfiguration section */

/* Begin XCConfigurationList section */
		OBJ_2 /* Build configuration list for PBXProject "NeumorphismUI" */ = {
			isa = XCConfigurationList;
			buildConfigurations = (
				OBJ_3 /* Debug */,
				OBJ_4 /* Release */,
			);
			defaultConfigurationIsVisible = 0;
			defaultConfigurationName = Release;
		};
		OBJ_25 /* Build configuration list for PBXNativeTarget "NeumorphismUI" */ = {
			isa = XCConfigurationList;
			buildConfigurations = (
				OBJ_26 /* Debug */,
				OBJ_27 /* Release */,
			);
			defaultConfigurationIsVisible = 0;
			defaultConfigurationName = Release;
		};
		OBJ_36 /* Build configuration list for PBXNativeTarget "NeumorphismUIPackageDescription" */ = {
			isa = XCConfigurationList;
			buildConfigurations = (
				OBJ_37 /* Debug */,
				OBJ_38 /* Release */,
			);
			defaultConfigurationIsVisible = 0;
			defaultConfigurationName = Release;
		};
		OBJ_42 /* Build configuration list for PBXAggregateTarget "NeumorphismUIPackageTests" */ = {
			isa = XCConfigurationList;
			buildConfigurations = (
				OBJ_43 /* Debug */,
				OBJ_44 /* Release */,
			);
			defaultConfigurationIsVisible = 0;
			defaultConfigurationName = Release;
		};
		OBJ_47 /* Build configuration list for PBXNativeTarget "NeumorphismUITests" */ = {
			isa = XCConfigurationList;
			buildConfigurations = (
				OBJ_48 /* Debug */,
				OBJ_49 /* Release */,
			);
			defaultConfigurationIsVisible = 0;
			defaultConfigurationName = Release;
		};
/* End XCConfigurationList section */
	};
	rootObject = OBJ_1 /* Project object */;
}
